
Microsoft Visual Studio Solution File, Format Version 12.00
# Visual Studio 15
VisualStudioVersion = 15.0.26206.0
MinimumVisualStudioVersion = 10.0.40219.1
Project("{2150E333-8FDC-42A3-9474-1A3956D46DE8}") = "Solution Items", "Solution Items", "{0DF1E104-5351-4AAF-949C-B3D2B6B6E617}"
EndProject
Project("{FAE04EC0-301F-11D3-BF4B-00C04F79EFBC}") = "DLRHostSample", "DLRHostSample\DLRHostSample.csproj", "{9BCF3168-6352-4D73-AC51-BD6EAEE91205}"
EndProject
Global
	GlobalSection(SolutionConfigurationPlatforms) = preSolution
		Debug|Any CPU = Debug|Any CPU
		Release|Any CPU = Release|Any CPU
	EndGlobalSection
	GlobalSection(ProjectConfigurationPlatforms) = postSolution
		{9BCF3168-6352-4D73-AC51-BD6EAEE91205}.Debug|Any CPU.ActiveCfg = Debug|Any CPU
		{9BCF3168-6352-4D73-AC51-BD6EAEE91205}.Debug|Any CPU.Build.0 = Debug|Any CPU
		{9BCF3168-6352-4D73-AC51-BD6EAEE91205}.Release|Any CPU.ActiveCfg = Release|Any CPU
		{9BCF3168-6352-4D73-AC51-BD6EAEE91205}.Release|Any CPU.Build.0 = Release|Any CPU
	EndGlobalSection
	GlobalSection(SolutionProperties) = preSolution
		HideSolutionNode = FALSE
	EndGlobalSection
	GlobalSection(ExtensibilityGlobals) = postSolution
		SolutionGuid = {7066B0EA-1EA3-4EF4-AC69-F96FAE725C86}
	EndGlobalSection
EndGlobal
