
Microsoft Visual Studio Solution File, Format Version 12.00
# Visual Studio 15
VisualStudioVersion = 15.0.28010.2036
MinimumVisualStudioVersion = 10.0.40219.1
Project("{FAE04EC0-301F-11D3-BF4B-00C04F79EFBC}") = "ItsWPF", "ItsWPF\ItsWPF.csproj", "{3723FB79-E551-4DE9-B6EC-2F34D35A87B4}"
EndProject
Project("{C7167F0D-BC9F-4E6E-AFE1-012C56B48DB5}") = "ItsWPF.Package", "ItsWPF.Package\ItsWPF.Package.wapproj", "{B4BDF166-3195-460E-8ABF-DA1B38EA83AD}"
EndProject
Global
	GlobalSection(SolutionConfigurationPlatforms) = preSolution
		Debug|Any CPU = Debug|Any CPU
		Debug|x64 = Debug|x64
		Debug|x86 = Debug|x86
		Release|Any CPU = Release|Any CPU
		Release|x64 = Release|x64
		Release|x86 = Release|x86
	EndGlobalSection
	GlobalSection(ProjectConfigurationPlatforms) = postSolution
		{3723FB79-E551-4DE9-B6EC-2F34D35A87B4}.Debug|Any CPU.ActiveCfg = Debug|Any CPU
		{3723FB79-E551-4DE9-B6EC-2F34D35A87B4}.Debug|Any CPU.Build.0 = Debug|Any CPU
		{3723FB79-E551-4DE9-B6EC-2F34D35A87B4}.Debug|x64.ActiveCfg = Debug|Any CPU
		{3723FB79-E551-4DE9-B6EC-2F34D35A87B4}.Debug|x64.Build.0 = Debug|Any CPU
		{3723FB79-E551-4DE9-B6EC-2F34D35A87B4}.Debug|x86.ActiveCfg = Debug|Any CPU
		{3723FB79-E551-4DE9-B6EC-2F34D35A87B4}.Debug|x86.Build.0 = Debug|Any CPU
		{3723FB79-E551-4DE9-B6EC-2F34D35A87B4}.Release|Any CPU.ActiveCfg = Release|Any CPU
		{3723FB79-E551-4DE9-B6EC-2F34D35A87B4}.Release|Any CPU.Build.0 = Release|Any CPU
		{3723FB79-E551-4DE9-B6EC-2F34D35A87B4}.Release|x64.ActiveCfg = Release|Any CPU
		{3723FB79-E551-4DE9-B6EC-2F34D35A87B4}.Release|x64.Build.0 = Release|Any CPU
		{3723FB79-E551-4DE9-B6EC-2F34D35A87B4}.Release|x86.ActiveCfg = Release|Any CPU
		{3723FB79-E551-4DE9-B6EC-2F34D35A87B4}.Release|x86.Build.0 = Release|Any CPU
		{B4BDF166-3195-460E-8ABF-DA1B38EA83AD}.Debug|Any CPU.ActiveCfg = Debug|Any CPU
		{B4BDF166-3195-460E-8ABF-DA1B38EA83AD}.Debug|Any CPU.Build.0 = Debug|Any CPU
		{B4BDF166-3195-460E-8ABF-DA1B38EA83AD}.Debug|Any CPU.Deploy.0 = Debug|Any CPU
		{B4BDF166-3195-460E-8ABF-DA1B38EA83AD}.Debug|x64.ActiveCfg = Debug|x64
		{B4BDF166-3195-460E-8ABF-DA1B38EA83AD}.Debug|x64.Build.0 = Debug|x64
		{B4BDF166-3195-460E-8ABF-DA1B38EA83AD}.Debug|x64.Deploy.0 = Debug|x64
		{B4BDF166-3195-460E-8ABF-DA1B38EA83AD}.Debug|x86.ActiveCfg = Debug|x86
		{B4BDF166-3195-460E-8ABF-DA1B38EA83AD}.Debug|x86.Build.0 = Debug|x86
		{B4BDF166-3195-460E-8ABF-DA1B38EA83AD}.Debug|x86.Deploy.0 = Debug|x86
		{B4BDF166-3195-460E-8ABF-DA1B38EA83AD}.Release|Any CPU.ActiveCfg = Release|Any CPU
		{B4BDF166-3195-460E-8ABF-DA1B38EA83AD}.Release|Any CPU.Build.0 = Release|Any CPU
		{B4BDF166-3195-460E-8ABF-DA1B38EA83AD}.Release|Any CPU.Deploy.0 = Release|Any CPU
		{B4BDF166-3195-460E-8ABF-DA1B38EA83AD}.Release|x64.ActiveCfg = Release|x64
		{B4BDF166-3195-460E-8ABF-DA1B38EA83AD}.Release|x64.Build.0 = Release|x64
		{B4BDF166-3195-460E-8ABF-DA1B38EA83AD}.Release|x64.Deploy.0 = Release|x64
		{B4BDF166-3195-460E-8ABF-DA1B38EA83AD}.Release|x86.ActiveCfg = Release|x86
		{B4BDF166-3195-460E-8ABF-DA1B38EA83AD}.Release|x86.Build.0 = Release|x86
		{B4BDF166-3195-460E-8ABF-DA1B38EA83AD}.Release|x86.Deploy.0 = Release|x86
	EndGlobalSection
	GlobalSection(SolutionProperties) = preSolution
		HideSolutionNode = FALSE
	EndGlobalSection
	GlobalSection(ExtensibilityGlobals) = postSolution
		SolutionGuid = {FE3EF2C0-F53A-46C4-9181-7E9E4314D9D7}
	EndGlobalSection
EndGlobal
