
Microsoft Visual Studio Solution File, Format Version 12.00
# Visual Studio 15
VisualStudioVersion = 15.0.28010.2036
MinimumVisualStudioVersion = 10.0.40219.1
Project("{FAE04EC0-301F-11D3-BF4B-00C04F79EFBC}") = "03_SpanSample", "03_SpanSample\03_SpanSample.csproj", "{9C1EE856-C98C-4EBF-A17A-B929ACCE271B}"
EndProject
Global
	GlobalSection(SolutionConfigurationPlatforms) = preSolution
		Debug|Any CPU = Debug|Any CPU
		Release|Any CPU = Release|Any CPU
	EndGlobalSection
	GlobalSection(ProjectConfigurationPlatforms) = postSolution
		{9C1EE856-C98C-4EBF-A17A-B929ACCE271B}.Debug|Any CPU.ActiveCfg = Debug|Any CPU
		{9C1EE856-C98C-4EBF-A17A-B929ACCE271B}.Debug|Any CPU.Build.0 = Debug|Any CPU
		{9C1EE856-C98C-4EBF-A17A-B929ACCE271B}.Release|Any CPU.ActiveCfg = Release|Any CPU
		{9C1EE856-C98C-4EBF-A17A-B929ACCE271B}.Release|Any CPU.Build.0 = Release|Any CPU
	EndGlobalSection
	GlobalSection(SolutionProperties) = preSolution
		HideSolutionNode = FALSE
	EndGlobalSection
	GlobalSection(ExtensibilityGlobals) = postSolution
		SolutionGuid = {664FB01F-EA29-49AE-811E-5ACD300FCE4E}
	EndGlobalSection
EndGlobal
