
Microsoft Visual Studio Solution File, Format Version 12.00
# Visual Studio 15
VisualStudioVersion = 15.0.28107.0
MinimumVisualStudioVersion = 10.0.40219.1
Project("{FAE04EC0-301F-11D3-BF4B-00C04F79EFBC}") = "WPFWithInk", "WPFWithInk\WPFWithInk.csproj", "{2E897B31-1A2E-4AEB-B98E-D8F8272BD56D}"
EndProject
Global
	GlobalSection(SolutionConfigurationPlatforms) = preSolution
		Debug|Any CPU = Debug|Any CPU
		Release|Any CPU = Release|Any CPU
	EndGlobalSection
	GlobalSection(ProjectConfigurationPlatforms) = postSolution
		{2E897B31-1A2E-4AEB-B98E-D8F8272BD56D}.Debug|Any CPU.ActiveCfg = Debug|Any CPU
		{2E897B31-1A2E-4AEB-B98E-D8F8272BD56D}.Debug|Any CPU.Build.0 = Debug|Any CPU
		{2E897B31-1A2E-4AEB-B98E-D8F8272BD56D}.Release|Any CPU.ActiveCfg = Release|Any CPU
		{2E897B31-1A2E-4AEB-B98E-D8F8272BD56D}.Release|Any CPU.Build.0 = Release|Any CPU
	EndGlobalSection
	GlobalSection(SolutionProperties) = preSolution
		HideSolutionNode = FALSE
	EndGlobalSection
	GlobalSection(ExtensibilityGlobals) = postSolution
		SolutionGuid = {ADB5019B-6F82-428A-9140-CEBE3033D77E}
	EndGlobalSection
EndGlobal
